
Microsoft Visual Studio Solution File, Format Version 12.00
# Visual Studio Version 17
VisualStudioVersion = 17.6.33829.357
MinimumVisualStudioVersion = 10.0.40219.1
Project("{8BC9CEB8-8B4A-11D0-8D11-00A0C91BC942}") = "MDPAlgoUI", "MDPAlgoUI\MDPAlgoUI.vcxproj", "{37A9EA62-8CAA-46C2-8F43-1FF2F042B697}"
EndProject
Project("{8BC9CEB8-8B4A-11D0-8D11-00A0C91BC942}") = "MDPAlgo", "MDPAlgo\MDPAlgo.vcxproj", "{256D3EAE-6960-4A34-8BE5-7EBC63C11625}"
EndProject
Global
	GlobalSection(SolutionConfigurationPlatforms) = preSolution
		Debug|x64 = Debug|x64
		Debug|x86 = Debug|x86
		Release_Laptop|x64 = Release_Laptop|x64
		Release_Laptop|x86 = Release_Laptop|x86
		Release_MDPAlgoModule|x64 = Release_MDPAlgoModule|x64
		Release_MDPAlgoModule|x86 = Release_MDPAlgoModule|x86
		Release|x64 = Release|x64
		Release|x86 = Release|x86
	EndGlobalSection
	GlobalSection(ProjectConfigurationPlatforms) = postSolution
		{37A9EA62-8CAA-46C2-8F43-1FF2F042B697}.Debug|x64.ActiveCfg = Debug|x64
		{37A9EA62-8CAA-46C2-8F43-1FF2F042B697}.Debug|x64.Build.0 = Debug|x64
		{37A9EA62-8CAA-46C2-8F43-1FF2F042B697}.Debug|x86.ActiveCfg = Debug|x64
		{37A9EA62-8CAA-46C2-8F43-1FF2F042B697}.Debug|x86.Build.0 = Debug|x64
		{37A9EA62-8CAA-46C2-8F43-1FF2F042B697}.Release_Laptop|x64.ActiveCfg = Release_Laptop|x64
		{37A9EA62-8CAA-46C2-8F43-1FF2F042B697}.Release_Laptop|x64.Build.0 = Release_Laptop|x64
		{37A9EA62-8CAA-46C2-8F43-1FF2F042B697}.Release_Laptop|x86.ActiveCfg = Release_Laptop|x64
		{37A9EA62-8CAA-46C2-8F43-1FF2F042B697}.Release_Laptop|x86.Build.0 = Release_Laptop|x64
		{37A9EA62-8CAA-46C2-8F43-1FF2F042B697}.Release_MDPAlgoModule|x64.ActiveCfg = Release_MDPAlgoModule|x64
		{37A9EA62-8CAA-46C2-8F43-1FF2F042B697}.Release_MDPAlgoModule|x86.ActiveCfg = Release_MDPAlgoModule|x64
		{37A9EA62-8CAA-46C2-8F43-1FF2F042B697}.Release_MDPAlgoModule|x86.Build.0 = Release_MDPAlgoModule|x64
		{37A9EA62-8CAA-46C2-8F43-1FF2F042B697}.Release|x64.ActiveCfg = Release|x64
		{37A9EA62-8CAA-46C2-8F43-1FF2F042B697}.Release|x64.Build.0 = Release|x64
		{37A9EA62-8CAA-46C2-8F43-1FF2F042B697}.Release|x86.ActiveCfg = Release|x64
		{37A9EA62-8CAA-46C2-8F43-1FF2F042B697}.Release|x86.Build.0 = Release|x64
		{256D3EAE-6960-4A34-8BE5-7EBC63C11625}.Debug|x64.ActiveCfg = Debug|x64
		{256D3EAE-6960-4A34-8BE5-7EBC63C11625}.Debug|x64.Build.0 = Debug|x64
		{256D3EAE-6960-4A34-8BE5-7EBC63C11625}.Debug|x86.ActiveCfg = Debug|Win32
		{256D3EAE-6960-4A34-8BE5-7EBC63C11625}.Debug|x86.Build.0 = Debug|Win32
		{256D3EAE-6960-4A34-8BE5-7EBC63C11625}.Release_Laptop|x64.ActiveCfg = Release_Laptop|x64
		{256D3EAE-6960-4A34-8BE5-7EBC63C11625}.Release_Laptop|x64.Build.0 = Release_Laptop|x64
		{256D3EAE-6960-4A34-8BE5-7EBC63C11625}.Release_Laptop|x86.ActiveCfg = Release_Laptop|Win32
		{256D3EAE-6960-4A34-8BE5-7EBC63C11625}.Release_Laptop|x86.Build.0 = Release_Laptop|Win32
		{256D3EAE-6960-4A34-8BE5-7EBC63C11625}.Release_MDPAlgoModule|x64.ActiveCfg = Release_MDPAlgoModule|x64
		{256D3EAE-6960-4A34-8BE5-7EBC63C11625}.Release_MDPAlgoModule|x64.Build.0 = Release_MDPAlgoModule|x64
		{256D3EAE-6960-4A34-8BE5-7EBC63C11625}.Release_MDPAlgoModule|x86.ActiveCfg = Release_MDPAlgoModule|Win32
		{256D3EAE-6960-4A34-8BE5-7EBC63C11625}.Release_MDPAlgoModule|x86.Build.0 = Release_MDPAlgoModule|Win32
		{256D3EAE-6960-4A34-8BE5-7EBC63C11625}.Release|x64.ActiveCfg = Release|x64
		{256D3EAE-6960-4A34-8BE5-7EBC63C11625}.Release|x64.Build.0 = Release|x64
		{256D3EAE-6960-4A34-8BE5-7EBC63C11625}.Release|x86.ActiveCfg = Release|Win32
		{256D3EAE-6960-4A34-8BE5-7EBC63C11625}.Release|x86.Build.0 = Release|Win32
	EndGlobalSection
	GlobalSection(SolutionProperties) = preSolution
		HideSolutionNode = FALSE
	EndGlobalSection
	GlobalSection(ExtensibilityGlobals) = postSolution
		SolutionGuid = {78579768-C6E3-45CD-89EF-66BBF255507C}
	EndGlobalSection
EndGlobal
